// !$*UTF8*$!
{
	archiveVersion = 1;
	classes = {
	};
	objectVersion = 46;
	objects = {

/* Begin PBXBuildFile section */
		4925BCD51EF2705D0017541A /* AppDelegate.swift in Sources */ = {isa = PBXBuildFile; fileRef = 4925BCD41EF2705D0017541A /* AppDelegate.swift */; };
		4925BCD71EF2705D0017541A /* ViewController.swift in Sources */ = {isa = PBXBuildFile; fileRef = 4925BCD61EF2705D0017541A /* ViewController.swift */; };
		4925BCDA1EF2705D0017541A /* Main.storyboard in Resources */ = {isa = PBXBuildFile; fileRef = 4925BCD81EF2705D0017541A /* Main.storyboard */; };
		4925BCDC1EF2705D0017541A /* Assets.xcassets in Resources */ = {isa = PBXBuildFile; fileRef = 4925BCDB1EF2705D0017541A /* Assets.xcassets */; };
		4925BCDF1EF2705D0017541A /* LaunchScreen.storyboard in Resources */ = {isa = PBXBuildFile; fileRef = 4925BCDD1EF2705D0017541A /* LaunchScreen.storyboard */; };
		4925BCEA1EF2705D0017541A /* Party_AppTests.swift in Sources */ = {isa = PBXBuildFile; fileRef = 4925BCE91EF2705D0017541A /* Party_AppTests.swift */; };
		4925BCF51EF2705D0017541A /* Party_AppUITests.swift in Sources */ = {isa = PBXBuildFile; fileRef = 4925BCF41EF2705D0017541A /* Party_AppUITests.swift */; };
/* End PBXBuildFile section */

/* Begin PBXContainerItemProxy section */
		4925BCE61EF2705D0017541A /* PBXContainerItemProxy */ = {
			isa = PBXContainerItemProxy;
			containerPortal = 4925BCC91EF2705D0017541A /* Project object */;
			proxyType = 1;
			remoteGlobalIDString = 4925BCD01EF2705D0017541A;
			remoteInfo = "Party-App";
		};
		4925BCF11EF2705D0017541A /* PBXContainerItemProxy */ = {
			isa = PBXContainerItemProxy;
			containerPortal = 4925BCC91EF2705D0017541A /* Project object */;
			proxyType = 1;
			remoteGlobalIDString = 4925BCD01EF2705D0017541A;
			remoteInfo = "Party-App";
		};
/* End PBXContainerItemProxy section */

/* Begin PBXFileReference section */
		4925BCD11EF2705D0017541A /* Party-App.app */ = {isa = PBXFileReference; explicitFileType = wrapper.application; includeInIndex = 0; path = "Party-App.app"; sourceTree = BUILT_PRODUCTS_DIR; };
		4925BCD41EF2705D0017541A /* AppDelegate.swift */ = {isa = PBXFileReference; lastKnownFileType = sourcecode.swift; path = AppDelegate.swift; sourceTree = "<group>"; };
		4925BCD61EF2705D0017541A /* ViewController.swift */ = {isa = PBXFileReference; lastKnownFileType = sourcecode.swift; path = ViewController.swift; sourceTree = "<group>"; };
		4925BCD91EF2705D0017541A /* Base */ = {isa = PBXFileReference; lastKnownFileType = file.storyboard; name = Base; path = Base.lproj/Main.storyboard; sourceTree = "<group>"; };
		4925BCDB1EF2705D0017541A /* Assets.xcassets */ = {isa = PBXFileReference; lastKnownFileType = folder.assetcatalog; path = Assets.xcassets; sourceTree = "<group>"; };
		4925BCDE1EF2705D0017541A /* Base */ = {isa = PBXFileReference; lastKnownFileType = file.storyboard; name = Base; path = Base.lproj/LaunchScreen.storyboard; sourceTree = "<group>"; };
		4925BCE01EF2705D0017541A /* Info.plist */ = {isa = PBXFileReference; lastKnownFileType = text.plist.xml; path = Info.plist; sourceTree = "<group>"; };
		4925BCE51EF2705D0017541A /* Party-AppTests.xctest */ = {isa = PBXFileReference; explicitFileType = wrapper.cfbundle; includeInIndex = 0; path = "Party-AppTests.xctest"; sourceTree = BUILT_PRODUCTS_DIR; };
		4925BCE91EF2705D0017541A /* Party_AppTests.swift */ = {isa = PBXFileReference; lastKnownFileType = sourcecode.swift; path = Party_AppTests.swift; sourceTree = "<group>"; };
		4925BCEB1EF2705D0017541A /* Info.plist */ = {isa = PBXFileReference; lastKnownFileType = text.plist.xml; path = Info.plist; sourceTree = "<group>"; };
		4925BCF01EF2705D0017541A /* Party-AppUITests.xctest */ = {isa = PBXFileReference; explicitFileType = wrapper.cfbundle; includeInIndex = 0; path = "Party-AppUITests.xctest"; sourceTree = BUILT_PRODUCTS_DIR; };
		4925BCF41EF2705D0017541A /* Party_AppUITests.swift */ = {isa = PBXFileReference; lastKnownFileType = sourcecode.swift; path = Party_AppUITests.swift; sourceTree = "<group>"; };
		4925BCF61EF2705D0017541A /* Info.plist */ = {isa = PBXFileReference; lastKnownFileType = text.plist.xml; path = Info.plist; sourceTree = "<group>"; };
/* End PBXFileReference section */

/* Begin PBXFrameworksBuildPhase section */
		4925BCCE1EF2705D0017541A /* Frameworks */ = {
			isa = PBXFrameworksBuildPhase;
			buildActionMask = 2147483647;
			files = (
			);
			runOnlyForDeploymentPostprocessing = 0;
		};
		4925BCE21EF2705D0017541A /* Frameworks */ = {
			isa = PBXFrameworksBuildPhase;
			buildActionMask = 2147483647;
			files = (
			);
			runOnlyForDeploymentPostprocessing = 0;
		};
		4925BCED1EF2705D0017541A /* Frameworks */ = {
			isa = PBXFrameworksBuildPhase;
			buildActionMask = 2147483647;
			files = (
			);
			runOnlyForDeploymentPostprocessing = 0;
		};
/* End PBXFrameworksBuildPhase section */

/* Begin PBXGroup section */
		4925BCC81EF2705D0017541A = {
			isa = PBXGroup;
			children = (
				4925BCD31EF2705D0017541A /* Party-App */,
				4925BCE81EF2705D0017541A /* Party-AppTests */,
				4925BCF31EF2705D0017541A /* Party-AppUITests */,
				4925BCD21EF2705D0017541A /* Products */,
			);
			sourceTree = "<group>";
		};
		4925BCD21EF2705D0017541A /* Products */ = {
			isa = PBXGroup;
			children = (
				4925BCD11EF2705D0017541A /* Party-App.app */,
				4925BCE51EF2705D0017541A /* Party-AppTests.xctest */,
				4925BCF01EF2705D0017541A /* Party-AppUITests.xctest */,
			);
			name = Products;
			sourceTree = "<group>";
		};
		4925BCD31EF2705D0017541A /* Party-App */ = {
			isa = PBXGroup;
			children = (
				4925BCD41EF2705D0017541A /* AppDelegate.swift */,
				4925BCD61EF2705D0017541A /* ViewController.swift */,
				4925BCD81EF2705D0017541A /* Main.storyboard */,
				4925BCDB1EF2705D0017541A /* Assets.xcassets */,
				4925BCDD1EF2705D0017541A /* LaunchScreen.storyboard */,
				4925BCE01EF2705D0017541A /* Info.plist */,
			);
			path = "Party-App";
			sourceTree = "<group>";
		};
		4925BCE81EF2705D0017541A /* Party-AppTests */ = {
			isa = PBXGroup;
			children = (
				4925BCE91EF2705D0017541A /* Party_AppTests.swift */,
				4925BCEB1EF2705D0017541A /* Info.plist */,
			);
			path = "Party-AppTests";
			sourceTree = "<group>";
		};
		4925BCF31EF2705D0017541A /* Party-AppUITests */ = {
			isa = PBXGroup;
			children = (
				4925BCF41EF2705D0017541A /* Party_AppUITests.swift */,
				4925BCF61EF2705D0017541A /* Info.plist */,
			);
			path = "Party-AppUITests";
			sourceTree = "<group>";
		};
/* End PBXGroup section */

/* Begin PBXNativeTarget section */
		4925BCD01EF2705D0017541A /* Party-App */ = {
			isa = PBXNativeTarget;
			buildConfigurationList = 4925BCF91EF2705D0017541A /* Build configuration list for PBXNativeTarget "Party-App" */;
			buildPhases = (
				4925BCCD1EF2705D0017541A /* Sources */,
				4925BCCE1EF2705D0017541A /* Frameworks */,
				4925BCCF1EF2705D0017541A /* Resources */,
			);
			buildRules = (
			);
			dependencies = (
			);
			name = "Party-App";
			productName = "Party-App";
			productReference = 4925BCD11EF2705D0017541A /* Party-App.app */;
			productType = "com.apple.product-type.application";
		};
		4925BCE41EF2705D0017541A /* Party-AppTests */ = {
			isa = PBXNativeTarget;
			buildConfigurationList = 4925BCFC1EF2705D0017541A /* Build configuration list for PBXNativeTarget "Party-AppTests" */;
			buildPhases = (
				4925BCE11EF2705D0017541A /* Sources */,
				4925BCE21EF2705D0017541A /* Frameworks */,
				4925BCE31EF2705D0017541A /* Resources */,
			);
			buildRules = (
			);
			dependencies = (
				4925BCE71EF2705D0017541A /* PBXTargetDependency */,
			);
			name = "Party-AppTests";
			productName = "Party-AppTests";
			productReference = 4925BCE51EF2705D0017541A /* Party-AppTests.xctest */;
			productType = "com.apple.product-type.bundle.unit-test";
		};
		4925BCEF1EF2705D0017541A /* Party-AppUITests */ = {
			isa = PBXNativeTarget;
			buildConfigurationList = 4925BCFF1EF2705D0017541A /* Build configuration list for PBXNativeTarget "Party-AppUITests" */;
			buildPhases = (
				4925BCEC1EF2705D0017541A /* Sources */,
				4925BCED1EF2705D0017541A /* Frameworks */,
				4925BCEE1EF2705D0017541A /* Resources */,
			);
			buildRules = (
			);
			dependencies = (
				4925BCF21EF2705D0017541A /* PBXTargetDependency */,
			);
			name = "Party-AppUITests";
			productName = "Party-AppUITests";
			productReference = 4925BCF01EF2705D0017541A /* Party-AppUITests.xctest */;
			productType = "com.apple.product-type.bundle.ui-testing";
		};
/* End PBXNativeTarget section */

/* Begin PBXProject section */
		4925BCC91EF2705D0017541A /* Project object */ = {
			isa = PBXProject;
			attributes = {
				LastSwiftUpdateCheck = 0830;
				LastUpgradeCheck = 0830;
				ORGANIZATIONNAME = "Patrik Kemeny";
				TargetAttributes = {
					4925BCD01EF2705D0017541A = {
						CreatedOnToolsVersion = 8.3.2;
						ProvisioningStyle = Automatic;
					};
					4925BCE41EF2705D0017541A = {
						CreatedOnToolsVersion = 8.3.2;
						ProvisioningStyle = Automatic;
						TestTargetID = 4925BCD01EF2705D0017541A;
					};
					4925BCEF1EF2705D0017541A = {
						CreatedOnToolsVersion = 8.3.2;
						ProvisioningStyle = Automatic;
						TestTargetID = 4925BCD01EF2705D0017541A;
					};
				};
			};
			buildConfigurationList = 4925BCCC1EF2705D0017541A /* Build configuration list for PBXProject "Party-App" */;
			compatibilityVersion = "Xcode 3.2";
			developmentRegion = English;
			hasScannedForEncodings = 0;
			knownRegions = (
				en,
				Base,
			);
			mainGroup = 4925BCC81EF2705D0017541A;
			productRefGroup = 4925BCD21EF2705D0017541A /* Products */;
			projectDirPath = "";
			projectRoot = "";
			targets = (
				4925BCD01EF2705D0017541A /* Party-App */,
				4925BCE41EF2705D0017541A /* Party-AppTests */,
				4925BCEF1EF2705D0017541A /* Party-AppUITests */,
			);
		};
/* End PBXProject section */

/* Begin PBXResourcesBuildPhase section */
		4925BCCF1EF2705D0017541A /* Resources */ = {
			isa = PBXResourcesBuildPhase;
			buildActionMask = 2147483647;
			files = (
				4925BCDF1EF2705D0017541A /* LaunchScreen.storyboard in Resources */,
				4925BCDC1EF2705D0017541A /* Assets.xcassets in Resources */,
				4925BCDA1EF2705D0017541A /* Main.storyboard in Resources */,
			);
			runOnlyForDeploymentPostprocessing = 0;
		};
		4925BCE31EF2705D0017541A /* Resources */ = {
			isa = PBXResourcesBuildPhase;
			buildActionMask = 2147483647;
			files = (
			);
			runOnlyForDeploymentPostprocessing = 0;
		};
		4925BCEE1EF2705D0017541A /* Resources */ = {
			isa = PBXResourcesBuildPhase;
			buildActionMask = 2147483647;
			files = (
			);
			runOnlyForDeploymentPostprocessing = 0;
		};
/* End PBXResourcesBuildPhase section */

/* Begin PBXSourcesBuildPhase section */
		4925BCCD1EF2705D0017541A /* Sources */ = {
			isa = PBXSourcesBuildPhase;
			buildActionMask = 2147483647;
			files = (
				4925BCD71EF2705D0017541A /* ViewController.swift in Sources */,
				4925BCD51EF2705D0017541A /* AppDelegate.swift in Sources */,
			);
			runOnlyForDeploymentPostprocessing = 0;
		};
		4925BCE11EF2705D0017541A /* Sources */ = {
			isa = PBXSourcesBuildPhase;
			buildActionMask = 2147483647;
			files = (
				4925BCEA1EF2705D0017541A /* Party_AppTests.swift in Sources */,
			);
			runOnlyForDeploymentPostprocessing = 0;
		};
		4925BCEC1EF2705D0017541A /* Sources */ = {
			isa = PBXSourcesBuildPhase;
			buildActionMask = 2147483647;
			files = (
				4925BCF51EF2705D0017541A /* Party_AppUITests.swift in Sources */,
			);
			runOnlyForDeploymentPostprocessing = 0;
		};
/* End PBXSourcesBuildPhase section */

/* Begin PBXTargetDependency section */
		4925BCE71EF2705D0017541A /* PBXTargetDependency */ = {
			isa = PBXTargetDependency;
			target = 4925BCD01EF2705D0017541A /* Party-App */;
			targetProxy = 4925BCE61EF2705D0017541A /* PBXContainerItemProxy */;
		};
		4925BCF21EF2705D0017541A /* PBXTargetDependency */ = {
			isa = PBXTargetDependency;
			target = 4925BCD01EF2705D0017541A /* Party-App */;
			targetProxy = 4925BCF11EF2705D0017541A /* PBXContainerItemProxy */;
		};
/* End PBXTargetDependency section */

/* Begin PBXVariantGroup section */
		4925BCD81EF2705D0017541A /* Main.storyboard */ = {
			isa = PBXVariantGroup;
			children = (
				4925BCD91EF2705D0017541A /* Base */,
			);
			name = Main.storyboard;
			sourceTree = "<group>";
		};
		4925BCDD1EF2705D0017541A /* LaunchScreen.storyboard */ = {
			isa = PBXVariantGroup;
			children = (
				4925BCDE1EF2705D0017541A /* Base */,
			);
			name = LaunchScreen.storyboard;
			sourceTree = "<group>";
		};
/* End PBXVariantGroup section */

/* Begin XCBuildConfiguration section */
		4925BCF71EF2705D0017541A /* Debug */ = {
			isa = XCBuildConfiguration;
			buildSettings = {
				ALWAYS_SEARCH_USER_PATHS = NO;
				CLANG_ANALYZER_NONNULL = YES;
				CLANG_ANALYZER_NUMBER_OBJECT_CONVERSION = YES_AGGRESSIVE;
				CLANG_CXX_LANGUAGE_STANDARD = "gnu++0x";
				CLANG_CXX_LIBRARY = "libc++";
				CLANG_ENABLE_MODULES = YES;
				CLANG_ENABLE_OBJC_ARC = YES;
				CLANG_WARN_BOOL_CONVERSION = YES;
				CLANG_WARN_CONSTANT_CONVERSION = YES;
				CLANG_WARN_DIRECT_OBJC_ISA_USAGE = YES_ERROR;
				CLANG_WARN_DOCUMENTATION_COMMENTS = YES;
				CLANG_WARN_EMPTY_BODY = YES;
				CLANG_WARN_ENUM_CONVERSION = YES;
				CLANG_WARN_INFINITE_RECURSION = YES;
				CLANG_WARN_INT_CONVERSION = YES;
				CLANG_WARN_OBJC_ROOT_CLASS = YES_ERROR;
				CLANG_WARN_SUSPICIOUS_MOVE = YES;
				CLANG_WARN_UNREACHABLE_CODE = YES;
				CLANG_WARN__DUPLICATE_METHOD_MATCH = YES;
				"CODE_SIGN_IDENTITY[sdk=iphoneos*]" = "iPhone Developer";
				COPY_PHASE_STRIP = NO;
				DEBUG_INFORMATION_FORMAT = dwarf;
				ENABLE_STRICT_OBJC_MSGSEND = YES;
				ENABLE_TESTABILITY = YES;
				GCC_C_LANGUAGE_STANDARD = gnu99;
				GCC_DYNAMIC_NO_PIC = NO;
				GCC_NO_COMMON_BLOCKS = YES;
				GCC_OPTIMIZATION_LEVEL = 0;
				GCC_PREPROCESSOR_DEFINITIONS = (
					"DEBUG=1",
					"$(inherited)",
				);
				GCC_WARN_64_TO_32_BIT_CONVERSION = YES;
				GCC_WARN_ABOUT_RETURN_TYPE = YES_ERROR;
				GCC_WARN_UNDECLARED_SELECTOR = YES;
				GCC_WARN_UNINITIALIZED_AUTOS = YES_AGGRESSIVE;
				GCC_WARN_UNUSED_FUNCTION = YES;
				GCC_WARN_UNUSED_VARIABLE = YES;
				IPHONEOS_DEPLOYMENT_TARGET = 10.3;
				MTL_ENABLE_DEBUG_INFO = YES;
				ONLY_ACTIVE_ARCH = YES;
				SDKROOT = iphoneos;
				SWIFT_ACTIVE_COMPILATION_CONDITIONS = DEBUG;
				SWIFT_OPTIMIZATION_LEVEL = "-Onone";
				TARGETED_DEVICE_FAMILY = "1,2";
			};
			name = Debug;
		};
		4925BCF81EF2705D0017541A /* Release */ = {
			isa = XCBuildConfiguration;
			buildSettings = {
				ALWAYS_SEARCH_USER_PATHS = NO;
				CLANG_ANALYZER_NONNULL = YES;
				CLANG_ANALYZER_NUMBER_OBJECT_CONVERSION = YES_AGGRESSIVE;
				CLANG_CXX_LANGUAGE_STANDARD = "gnu++0x";
				CLANG_CXX_LIBRARY = "libc++";
				CLANG_ENABLE_MODULES = YES;
				CLANG_ENABLE_OBJC_ARC = YES;
				CLANG_WARN_BOOL_CONVERSION = YES;
				CLANG_WARN_CONSTANT_CONVERSION = YES;
				CLANG_WARN_DIRECT_OBJC_ISA_USAGE = YES_ERROR;
				CLANG_WARN_DOCUMENTATION_COMMENTS = YES;
				CLANG_WARN_EMPTY_BODY = YES;
				CLANG_WARN_ENUM_CONVERSION = YES;
				CLANG_WARN_INFINITE_RECURSION = YES;
				CLANG_WARN_INT_CONVERSION = YES;
				CLANG_WARN_OBJC_ROOT_CLASS = YES_ERROR;
				CLANG_WARN_SUSPICIOUS_MOVE = YES;
				CLANG_WARN_UNREACHABLE_CODE = YES;
				CLANG_WARN__DUPLICATE_METHOD_MATCH = YES;
				"CODE_SIGN_IDENTITY[sdk=iphoneos*]" = "iPhone Developer";
				COPY_PHASE_STRIP = NO;
				DEBUG_INFORMATION_FORMAT = "dwarf-with-dsym";
				ENABLE_NS_ASSERTIONS = NO;
				ENABLE_STRICT_OBJC_MSGSEND = YES;
				GCC_C_LANGUAGE_STANDARD = gnu99;
				GCC_NO_COMMON_BLOCKS = YES;
				GCC_WARN_64_TO_32_BIT_CONVERSION = YES;
				GCC_WARN_ABOUT_RETURN_TYPE = YES_ERROR;
				GCC_WARN_UNDECLARED_SELECTOR = YES;
				GCC_WARN_UNINITIALIZED_AUTOS = YES_AGGRESSIVE;
				GCC_WARN_UNUSED_FUNCTION = YES;
				GCC_WARN_UNUSED_VARIABLE = YES;
				IPHONEOS_DEPLOYMENT_TARGET = 10.3;
				MTL_ENABLE_DEBUG_INFO = NO;
				SDKROOT = iphoneos;
				SWIFT_OPTIMIZATION_LEVEL = "-Owholemodule";
				TARGETED_DEVICE_FAMILY = "1,2";
				VALIDATE_PRODUCT = YES;
			};
			name = Release;
		};
		4925BCFA1EF2705D0017541A /* Debug */ = {
			isa = XCBuildConfiguration;
			buildSettings = {
				ASSETCATALOG_COMPILER_APPICON_NAME = AppIcon;
				INFOPLIST_FILE = "Party-App/Info.plist";
				LD_RUNPATH_SEARCH_PATHS = "$(inherited) @executable_path/Frameworks";
				PRODUCT_BUNDLE_IDENTIFIER = "kmm.Party-App";
				PRODUCT_NAME = "$(TARGET_NAME)";
				SWIFT_VERSION = 3.0;
			};
			name = Debug;
		};
		4925BCFB1EF2705D0017541A /* Release */ = {
			isa = XCBuildConfiguration;
			buildSettings = {
				ASSETCATALOG_COMPILER_APPICON_NAME = AppIcon;
				INFOPLIST_FILE = "Party-App/Info.plist";
				LD_RUNPATH_SEARCH_PATHS = "$(inherited) @executable_path/Frameworks";
				PRODUCT_BUNDLE_IDENTIFIER = "kmm.Party-App";
				PRODUCT_NAME = "$(TARGET_NAME)";
				SWIFT_VERSION = 3.0;
			};
			name = Release;
		};
		4925BCFD1EF2705D0017541A /* Debug */ = {
			isa = XCBuildConfiguration;
			buildSettings = {
				ALWAYS_EMBED_SWIFT_STANDARD_LIBRARIES = YES;
				BUNDLE_LOADER = "$(TEST_HOST)";
				INFOPLIST_FILE = "Party-AppTests/Info.plist";
				LD_RUNPATH_SEARCH_PATHS = "$(inherited) @executable_path/Frameworks @loader_path/Frameworks";
				PRODUCT_BUNDLE_IDENTIFIER = "kmm.Party-AppTests";
				PRODUCT_NAME = "$(TARGET_NAME)";
				SWIFT_VERSION = 3.0;
				TEST_HOST = "$(BUILT_PRODUCTS_DIR)/Party-App.app/Party-App";
			};
			name = Debug;
		};
		4925BCFE1EF2705D0017541A /* Release */ = {
			isa = XCBuildConfiguration;
			buildSettings = {
				ALWAYS_EMBED_SWIFT_STANDARD_LIBRARIES = YES;
				BUNDLE_LOADER = "$(TEST_HOST)";
				INFOPLIST_FILE = "Party-AppTests/Info.plist";
				LD_RUNPATH_SEARCH_PATHS = "$(inherited) @executable_path/Frameworks @loader_path/Frameworks";
				PRODUCT_BUNDLE_IDENTIFIER = "kmm.Party-AppTests";
				PRODUCT_NAME = "$(TARGET_NAME)";
				SWIFT_VERSION = 3.0;
				TEST_HOST = "$(BUILT_PRODUCTS_DIR)/Party-App.app/Party-App";
			};
			name = Release;
		};
		4925BD001EF2705D0017541A /* Debug */ = {
			isa = XCBuildConfiguration;
			buildSettings = {
				ALWAYS_EMBED_SWIFT_STANDARD_LIBRARIES = YES;
				INFOPLIST_FILE = "Party-AppUITests/Info.plist";
				LD_RUNPATH_SEARCH_PATHS = "$(inherited) @executable_path/Frameworks @loader_path/Frameworks";
				PRODUCT_BUNDLE_IDENTIFIER = "kmm.Party-AppUITests";
				PRODUCT_NAME = "$(TARGET_NAME)";
				SWIFT_VERSION = 3.0;
				TEST_TARGET_NAME = "Party-App";
			};
			name = Debug;
		};
		4925BD011EF2705D0017541A /* Release */ = {
			isa = XCBuildConfiguration;
			buildSettings = {
				ALWAYS_EMBED_SWIFT_STANDARD_LIBRARIES = YES;
				INFOPLIST_FILE = "Party-AppUITests/Info.plist";
				LD_RUNPATH_SEARCH_PATHS = "$(inherited) @executable_path/Frameworks @loader_path/Frameworks";
				PRODUCT_BUNDLE_IDENTIFIER = "kmm.Party-AppUITests";
				PRODUCT_NAME = "$(TARGET_NAME)";
				SWIFT_VERSION = 3.0;
				TEST_TARGET_NAME = "Party-App";
			};
			name = Release;
		};
/* End XCBuildConfiguration section */

/* Begin XCConfigurationList section */
		4925BCCC1EF2705D0017541A /* Build configuration list for PBXProject "Party-App" */ = {
			isa = XCConfigurationList;
			buildConfigurations = (
				4925BCF71EF2705D0017541A /* Debug */,
				4925BCF81EF2705D0017541A /* Release */,
			);
			defaultConfigurationIsVisible = 0;
			defaultConfigurationName = Release;
		};
		4925BCF91EF2705D0017541A /* Build configuration list for PBXNativeTarget "Party-App" */ = {
			isa = XCConfigurationList;
			buildConfigurations = (
				4925BCFA1EF2705D0017541A /* Debug */,
				4925BCFB1EF2705D0017541A /* Release */,
			);
			defaultConfigurationIsVisible = 0;
		};
		4925BCFC1EF2705D0017541A /* Build configuration list for PBXNativeTarget "Party-AppTests" */ = {
			isa = XCConfigurationList;
			buildConfigurations = (
				4925BCFD1EF2705D0017541A /* Debug */,
				4925BCFE1EF2705D0017541A /* Release */,
			);
			defaultConfigurationIsVisible = 0;
		};
		4925BCFF1EF2705D0017541A /* Build configuration list for PBXNativeTarget "Party-AppUITests" */ = {
			isa = XCConfigurationList;
			buildConfigurations = (
				4925BD001EF2705D0017541A /* Debug */,
				4925BD011EF2705D0017541A /* Release */,
			);
			defaultConfigurationIsVisible = 0;
		};
/* End XCConfigurationList section */
	};
	rootObject = 4925BCC91EF2705D0017541A /* Project object */;
}
